
Microsoft Visual Studio Solution File, Format Version 12.00
# Visual Studio Version 17
VisualStudioVersion = 17.4.33403.182
MinimumVisualStudioVersion = 10.0.40219.1
Project("{FAE04EC0-301F-11D3-BF4B-00C04F79EFBC}") = "SortingAlgorithm", "SortingAlgorithm\SortingAlgorithm.csproj", "{03EFA1C0-CA0D-4DA1-8376-06C64D57B938}"
EndProject
Project("{9A19103F-16F7-4668-BE54-9A1E7A4F7556}") = "DiscardDuplicateItems", "DiscardDuplicateItems\DiscardDuplicateItems.csproj", "{DFBDB382-9A83-4002-8E12-74E092628C1E}"
EndProject
Project("{9A19103F-16F7-4668-BE54-9A1E7A4F7556}") = "PrintRandomNumbers", "PrintRandomNumbers\PrintRandomNumbers.csproj", "{A7C0FB4E-4C36-40EA-8A60-8C5B63C073A1}"
EndProject
Project("{9A19103F-16F7-4668-BE54-9A1E7A4F7556}") = "PrimeFactorization", "PrimeFactorization\PrimeFactorization.csproj", "{7459C531-189A-4CE3-888D-FDE88CEDCAEC}"
EndProject
Project("{9A19103F-16F7-4668-BE54-9A1E7A4F7556}") = "BlackJack", "BlackJack\BlackJack.csproj", "{BFAB6914-E961-4086-B6B3-3540E0638E30}"
EndProject
Project("{9A19103F-16F7-4668-BE54-9A1E7A4F7556}") = "Fibonacci", "Fibonacci\Fibonacci.csproj", "{740C08EA-07E1-4390-99C4-EE1E65F1CE54}"
EndProject
Project("{9A19103F-16F7-4668-BE54-9A1E7A4F7556}") = "Sums2Numbers30Digits", "Sums2Numbers30Digits\Sums2Numbers30Digits.csproj", "{F4DF2D3B-A070-49EB-87E6-5C70F7948E64}"
EndProject
Project("{9A19103F-16F7-4668-BE54-9A1E7A4F7556}") = "SumsOfConsecutiveNumbers", "SumsOfConsecutiveNumbers\SumsOfConsecutiveNumbers.csproj", "{5F06935E-A1C3-454E-8BB9-78FBF4D01174}"
EndProject
Project("{9A19103F-16F7-4668-BE54-9A1E7A4F7556}") = "PythagoreanTriple", "PythagoreanTriple\PythagoreanTriple.csproj", "{A81892CA-63DC-40E7-B61B-5EB99E088231}"
EndProject
Project("{9A19103F-16F7-4668-BE54-9A1E7A4F7556}") = "PerfectNumbers", "PerfectNumbers\PerfectNumbers.csproj", "{2940CA00-81D3-4263-9EE6-1AA99A58C41F}"
EndProject
Project("{9A19103F-16F7-4668-BE54-9A1E7A4F7556}") = "DecimalToBinary", "DecimalToBinary\DecimalToBinary.csproj", "{F5499E0D-212E-4249-82E7-1444BE1FCAC4}"
EndProject
Project("{9A19103F-16F7-4668-BE54-9A1E7A4F7556}") = "SumsOfNumber'sDigit", "SumsOfNumber'sDigit\SumsOfNumber'sDigit.csproj", "{70601218-0E97-41A8-93F0-8071F29B8DBD}"
EndProject
Project("{9A19103F-16F7-4668-BE54-9A1E7A4F7556}") = "MostFrequentElementInArray", "MostFrequentElementInArray\MostFrequentElementInArray.csproj", "{2FF45F31-140F-413C-A73F-02972D831848}"
EndProject
Project("{9A19103F-16F7-4668-BE54-9A1E7A4F7556}") = "TCKNAlgorithm", "TCKNAlgorithm\TCKNAlgorithm.csproj", "{B8E4FF5E-7FD3-44BD-99BB-FE9847C9A8E8}"
EndProject
Project("{9A19103F-16F7-4668-BE54-9A1E7A4F7556}") = "Knapsack", "Knapsack\Knapsack.csproj", "{07F94A5D-2612-4A9A-AE98-6301165D514B}"
EndProject
Project("{9A19103F-16F7-4668-BE54-9A1E7A4F7556}") = "UglyNumbers", "UglyNumbers\UglyNumbers.csproj", "{2E27DE89-DC6A-46E0-94EF-79C620590851}"
EndProject
Project("{FAE04EC0-301F-11D3-BF4B-00C04F79EFBC}") = "Radical Numbers(Square Root)", "Radical Numbers(Square Root)\Radical Numbers(Square Root).csproj", "{CE067A61-98E4-406A-BEDD-24432917897D}"
EndProject
Global
	GlobalSection(SolutionConfigurationPlatforms) = preSolution
		Debug|Any CPU = Debug|Any CPU
		Release|Any CPU = Release|Any CPU
	EndGlobalSection
	GlobalSection(ProjectConfigurationPlatforms) = postSolution
		{03EFA1C0-CA0D-4DA1-8376-06C64D57B938}.Debug|Any CPU.ActiveCfg = Debug|Any CPU
		{03EFA1C0-CA0D-4DA1-8376-06C64D57B938}.Debug|Any CPU.Build.0 = Debug|Any CPU
		{03EFA1C0-CA0D-4DA1-8376-06C64D57B938}.Release|Any CPU.ActiveCfg = Release|Any CPU
		{03EFA1C0-CA0D-4DA1-8376-06C64D57B938}.Release|Any CPU.Build.0 = Release|Any CPU
		{DFBDB382-9A83-4002-8E12-74E092628C1E}.Debug|Any CPU.ActiveCfg = Debug|Any CPU
		{DFBDB382-9A83-4002-8E12-74E092628C1E}.Debug|Any CPU.Build.0 = Debug|Any CPU
		{DFBDB382-9A83-4002-8E12-74E092628C1E}.Release|Any CPU.ActiveCfg = Release|Any CPU
		{DFBDB382-9A83-4002-8E12-74E092628C1E}.Release|Any CPU.Build.0 = Release|Any CPU
		{A7C0FB4E-4C36-40EA-8A60-8C5B63C073A1}.Debug|Any CPU.ActiveCfg = Debug|Any CPU
		{A7C0FB4E-4C36-40EA-8A60-8C5B63C073A1}.Debug|Any CPU.Build.0 = Debug|Any CPU
		{A7C0FB4E-4C36-40EA-8A60-8C5B63C073A1}.Release|Any CPU.ActiveCfg = Release|Any CPU
		{A7C0FB4E-4C36-40EA-8A60-8C5B63C073A1}.Release|Any CPU.Build.0 = Release|Any CPU
		{7459C531-189A-4CE3-888D-FDE88CEDCAEC}.Debug|Any CPU.ActiveCfg = Debug|Any CPU
		{7459C531-189A-4CE3-888D-FDE88CEDCAEC}.Debug|Any CPU.Build.0 = Debug|Any CPU
		{7459C531-189A-4CE3-888D-FDE88CEDCAEC}.Release|Any CPU.ActiveCfg = Release|Any CPU
		{7459C531-189A-4CE3-888D-FDE88CEDCAEC}.Release|Any CPU.Build.0 = Release|Any CPU
		{BFAB6914-E961-4086-B6B3-3540E0638E30}.Debug|Any CPU.ActiveCfg = Debug|Any CPU
		{BFAB6914-E961-4086-B6B3-3540E0638E30}.Debug|Any CPU.Build.0 = Debug|Any CPU
		{BFAB6914-E961-4086-B6B3-3540E0638E30}.Release|Any CPU.ActiveCfg = Release|Any CPU
		{BFAB6914-E961-4086-B6B3-3540E0638E30}.Release|Any CPU.Build.0 = Release|Any CPU
		{740C08EA-07E1-4390-99C4-EE1E65F1CE54}.Debug|Any CPU.ActiveCfg = Debug|Any CPU
		{740C08EA-07E1-4390-99C4-EE1E65F1CE54}.Debug|Any CPU.Build.0 = Debug|Any CPU
		{740C08EA-07E1-4390-99C4-EE1E65F1CE54}.Release|Any CPU.ActiveCfg = Release|Any CPU
		{740C08EA-07E1-4390-99C4-EE1E65F1CE54}.Release|Any CPU.Build.0 = Release|Any CPU
		{F4DF2D3B-A070-49EB-87E6-5C70F7948E64}.Debug|Any CPU.ActiveCfg = Debug|Any CPU
		{F4DF2D3B-A070-49EB-87E6-5C70F7948E64}.Debug|Any CPU.Build.0 = Debug|Any CPU
		{F4DF2D3B-A070-49EB-87E6-5C70F7948E64}.Release|Any CPU.ActiveCfg = Release|Any CPU
		{F4DF2D3B-A070-49EB-87E6-5C70F7948E64}.Release|Any CPU.Build.0 = Release|Any CPU
		{5F06935E-A1C3-454E-8BB9-78FBF4D01174}.Debug|Any CPU.ActiveCfg = Debug|Any CPU
		{5F06935E-A1C3-454E-8BB9-78FBF4D01174}.Debug|Any CPU.Build.0 = Debug|Any CPU
		{5F06935E-A1C3-454E-8BB9-78FBF4D01174}.Release|Any CPU.ActiveCfg = Release|Any CPU
		{5F06935E-A1C3-454E-8BB9-78FBF4D01174}.Release|Any CPU.Build.0 = Release|Any CPU
		{A81892CA-63DC-40E7-B61B-5EB99E088231}.Debug|Any CPU.ActiveCfg = Debug|Any CPU
		{A81892CA-63DC-40E7-B61B-5EB99E088231}.Debug|Any CPU.Build.0 = Debug|Any CPU
		{A81892CA-63DC-40E7-B61B-5EB99E088231}.Release|Any CPU.ActiveCfg = Release|Any CPU
		{A81892CA-63DC-40E7-B61B-5EB99E088231}.Release|Any CPU.Build.0 = Release|Any CPU
		{2940CA00-81D3-4263-9EE6-1AA99A58C41F}.Debug|Any CPU.ActiveCfg = Debug|Any CPU
		{2940CA00-81D3-4263-9EE6-1AA99A58C41F}.Debug|Any CPU.Build.0 = Debug|Any CPU
		{2940CA00-81D3-4263-9EE6-1AA99A58C41F}.Release|Any CPU.ActiveCfg = Release|Any CPU
		{2940CA00-81D3-4263-9EE6-1AA99A58C41F}.Release|Any CPU.Build.0 = Release|Any CPU
		{F5499E0D-212E-4249-82E7-1444BE1FCAC4}.Debug|Any CPU.ActiveCfg = Debug|Any CPU
		{F5499E0D-212E-4249-82E7-1444BE1FCAC4}.Debug|Any CPU.Build.0 = Debug|Any CPU
		{F5499E0D-212E-4249-82E7-1444BE1FCAC4}.Release|Any CPU.ActiveCfg = Release|Any CPU
		{F5499E0D-212E-4249-82E7-1444BE1FCAC4}.Release|Any CPU.Build.0 = Release|Any CPU
		{70601218-0E97-41A8-93F0-8071F29B8DBD}.Debug|Any CPU.ActiveCfg = Debug|Any CPU
		{70601218-0E97-41A8-93F0-8071F29B8DBD}.Debug|Any CPU.Build.0 = Debug|Any CPU
		{70601218-0E97-41A8-93F0-8071F29B8DBD}.Release|Any CPU.ActiveCfg = Release|Any CPU
		{70601218-0E97-41A8-93F0-8071F29B8DBD}.Release|Any CPU.Build.0 = Release|Any CPU
		{2FF45F31-140F-413C-A73F-02972D831848}.Debug|Any CPU.ActiveCfg = Debug|Any CPU
		{2FF45F31-140F-413C-A73F-02972D831848}.Debug|Any CPU.Build.0 = Debug|Any CPU
		{2FF45F31-140F-413C-A73F-02972D831848}.Release|Any CPU.ActiveCfg = Release|Any CPU
		{2FF45F31-140F-413C-A73F-02972D831848}.Release|Any CPU.Build.0 = Release|Any CPU
		{B8E4FF5E-7FD3-44BD-99BB-FE9847C9A8E8}.Debug|Any CPU.ActiveCfg = Debug|Any CPU
		{B8E4FF5E-7FD3-44BD-99BB-FE9847C9A8E8}.Debug|Any CPU.Build.0 = Debug|Any CPU
		{B8E4FF5E-7FD3-44BD-99BB-FE9847C9A8E8}.Release|Any CPU.ActiveCfg = Release|Any CPU
		{B8E4FF5E-7FD3-44BD-99BB-FE9847C9A8E8}.Release|Any CPU.Build.0 = Release|Any CPU
		{07F94A5D-2612-4A9A-AE98-6301165D514B}.Debug|Any CPU.ActiveCfg = Debug|Any CPU
		{07F94A5D-2612-4A9A-AE98-6301165D514B}.Debug|Any CPU.Build.0 = Debug|Any CPU
		{07F94A5D-2612-4A9A-AE98-6301165D514B}.Release|Any CPU.ActiveCfg = Release|Any CPU
		{07F94A5D-2612-4A9A-AE98-6301165D514B}.Release|Any CPU.Build.0 = Release|Any CPU
		{2E27DE89-DC6A-46E0-94EF-79C620590851}.Debug|Any CPU.ActiveCfg = Debug|Any CPU
		{2E27DE89-DC6A-46E0-94EF-79C620590851}.Debug|Any CPU.Build.0 = Debug|Any CPU
		{2E27DE89-DC6A-46E0-94EF-79C620590851}.Release|Any CPU.ActiveCfg = Release|Any CPU
		{2E27DE89-DC6A-46E0-94EF-79C620590851}.Release|Any CPU.Build.0 = Release|Any CPU
		{CE067A61-98E4-406A-BEDD-24432917897D}.Debug|Any CPU.ActiveCfg = Debug|Any CPU
		{CE067A61-98E4-406A-BEDD-24432917897D}.Debug|Any CPU.Build.0 = Debug|Any CPU
		{CE067A61-98E4-406A-BEDD-24432917897D}.Release|Any CPU.ActiveCfg = Release|Any CPU
		{CE067A61-98E4-406A-BEDD-24432917897D}.Release|Any CPU.Build.0 = Release|Any CPU
	EndGlobalSection
	GlobalSection(SolutionProperties) = preSolution
		HideSolutionNode = FALSE
	EndGlobalSection
	GlobalSection(ExtensibilityGlobals) = postSolution
		SolutionGuid = {419F97AE-7137-4056-99A5-0A44CB20D805}
	EndGlobalSection
EndGlobal
